
Microsoft Visual Studio Solution File, Format Version 12.00
# Visual Studio Version 17
VisualStudioVersion = 17.0.32014.148
MinimumVisualStudioVersion = 10.0.40219.1
Project("{9A19103F-16F7-4668-BE54-9A1E7A4F7556}") = "Modelo", "Modelo\Modelo.csproj", "{0689E0AE-5405-47C6-831B-B2BB62B9E69D}"
EndProject
Project("{FAE04EC0-301F-11D3-BF4B-00C04F79EFBC}") = "ProveedorPrecioProducto", "ProveedorPrecioProducto\ProveedorPrecioProducto.csproj", "{AF29CFFF-3AF9-4F35-84F0-BBF22E007465}"
EndProject
Global
	GlobalSection(SolutionConfigurationPlatforms) = preSolution
		Debug|Any CPU = Debug|Any CPU
		Release|Any CPU = Release|Any CPU
	EndGlobalSection
	GlobalSection(ProjectConfigurationPlatforms) = postSolution
		{0689E0AE-5405-47C6-831B-B2BB62B9E69D}.Debug|Any CPU.ActiveCfg = Debug|Any CPU
		{0689E0AE-5405-47C6-831B-B2BB62B9E69D}.Debug|Any CPU.Build.0 = Debug|Any CPU
		{0689E0AE-5405-47C6-831B-B2BB62B9E69D}.Release|Any CPU.ActiveCfg = Release|Any CPU
		{0689E0AE-5405-47C6-831B-B2BB62B9E69D}.Release|Any CPU.Build.0 = Release|Any CPU
		{AF29CFFF-3AF9-4F35-84F0-BBF22E007465}.Debug|Any CPU.ActiveCfg = Debug|Any CPU
		{AF29CFFF-3AF9-4F35-84F0-BBF22E007465}.Debug|Any CPU.Build.0 = Debug|Any CPU
		{AF29CFFF-3AF9-4F35-84F0-BBF22E007465}.Release|Any CPU.ActiveCfg = Release|Any CPU
		{AF29CFFF-3AF9-4F35-84F0-BBF22E007465}.Release|Any CPU.Build.0 = Release|Any CPU
	EndGlobalSection
	GlobalSection(SolutionProperties) = preSolution
		HideSolutionNode = FALSE
	EndGlobalSection
	GlobalSection(ExtensibilityGlobals) = postSolution
		SolutionGuid = {A5E6EA31-0FBD-4657-9D7E-138663E3EA2F}
	EndGlobalSection
EndGlobal
